
Microsoft Visual Studio Solution File, Format Version 12.00
# Visual Studio Version 17
VisualStudioVersion = 17.5.002.0
MinimumVisualStudioVersion = 10.0.40219.1
Project("{9A19103F-16F7-4668-BE54-9A1E7A4F7556}") = "DiceRoll", "DiceRoll.csproj", "{9AFF337D-1ABD-42F1-A310-E5A43DFAA5D2}"
EndProject
Global
	GlobalSection(SolutionConfigurationPlatforms) = preSolution
		Debug|Any CPU = Debug|Any CPU
		Release|Any CPU = Release|Any CPU
	EndGlobalSection
	GlobalSection(ProjectConfigurationPlatforms) = postSolution
		{9AFF337D-1ABD-42F1-A310-E5A43DFAA5D2}.Debug|Any CPU.ActiveCfg = Debug|Any CPU
		{9AFF337D-1ABD-42F1-A310-E5A43DFAA5D2}.Debug|Any CPU.Build.0 = Debug|Any CPU
		{9AFF337D-1ABD-42F1-A310-E5A43DFAA5D2}.Release|Any CPU.ActiveCfg = Release|Any CPU
		{9AFF337D-1ABD-42F1-A310-E5A43DFAA5D2}.Release|Any CPU.Build.0 = Release|Any CPU
	EndGlobalSection
	GlobalSection(SolutionProperties) = preSolution
		HideSolutionNode = FALSE
	EndGlobalSection
	GlobalSection(ExtensibilityGlobals) = postSolution
		SolutionGuid = {A2B0FCA1-508B-4672-AAB2-90DEAC516DD1}
	EndGlobalSection
EndGlobal
